
Microsoft Visual Studio Solution File, Format Version 12.00
# Visual Studio Version 17
VisualStudioVersion = 17.9.34902.65
MinimumVisualStudioVersion = 10.0.40219.1
Project("{FAE04EC0-301F-11D3-BF4B-00C04F79EFBC}") = "QuizEkzamen", "QuizEkzamen\QuizEkzamen.csproj", "{186709F1-1F1F-4EA4-8E52-C432C8545C95}"
EndProject
Global
	GlobalSection(SolutionConfigurationPlatforms) = preSolution
		Debug|Any CPU = Debug|Any CPU
		Release|Any CPU = Release|Any CPU
	EndGlobalSection
	GlobalSection(ProjectConfigurationPlatforms) = postSolution
		{186709F1-1F1F-4EA4-8E52-C432C8545C95}.Debug|Any CPU.ActiveCfg = Debug|Any CPU
		{186709F1-1F1F-4EA4-8E52-C432C8545C95}.Debug|Any CPU.Build.0 = Debug|Any CPU
		{186709F1-1F1F-4EA4-8E52-C432C8545C95}.Release|Any CPU.ActiveCfg = Release|Any CPU
		{186709F1-1F1F-4EA4-8E52-C432C8545C95}.Release|Any CPU.Build.0 = Release|Any CPU
	EndGlobalSection
	GlobalSection(SolutionProperties) = preSolution
		HideSolutionNode = FALSE
	EndGlobalSection
	GlobalSection(ExtensibilityGlobals) = postSolution
		SolutionGuid = {B9710500-97FA-402B-9468-5338AF959E18}
	EndGlobalSection
EndGlobal
